
Microsoft Visual Studio Solution File, Format Version 12.00
# Visual Studio Version 16
VisualStudioVersion = 16.0.29806.167
MinimumVisualStudioVersion = 10.0.40219.1
Project("{9A19103F-16F7-4668-BE54-9A1E7A4F7556}") = "LoLDrafterAPI", "LoLDrafterAPI\LoLDrafterAPI.csproj", "{F95726A6-8927-46D3-8D01-A33CC9E36D04}"
EndProject
Project("{9A19103F-16F7-4668-BE54-9A1E7A4F7556}") = "LoLDrafterAPI.Model", "LoLDrafterAPI.Model\LoLDrafterAPI.Model.csproj", "{B68858CE-C635-44FD-967D-9361D808B899}"
EndProject
Project("{FAE04EC0-301F-11D3-BF4B-00C04F79EFBC}") = "LoLDrafterAPI.Logic", "LoLDrafterAPI.Logic\LoLDrafterAPI.Logic.csproj", "{B1ACDE4A-D619-45C5-B8F7-72A759A590FC}"
EndProject
Project("{FAE04EC0-301F-11D3-BF4B-00C04F79EFBC}") = "LoLDrafterAPI.DAL", "LoLDrafterAPI.DAL\LoLDrafterAPI.DAL.csproj", "{141B4968-2986-4952-A138-1181215DCD79}"
EndProject
Global
	GlobalSection(SolutionConfigurationPlatforms) = preSolution
		Debug|Any CPU = Debug|Any CPU
		Release|Any CPU = Release|Any CPU
	EndGlobalSection
	GlobalSection(ProjectConfigurationPlatforms) = postSolution
		{F95726A6-8927-46D3-8D01-A33CC9E36D04}.Debug|Any CPU.ActiveCfg = Debug|Any CPU
		{F95726A6-8927-46D3-8D01-A33CC9E36D04}.Debug|Any CPU.Build.0 = Debug|Any CPU
		{F95726A6-8927-46D3-8D01-A33CC9E36D04}.Release|Any CPU.ActiveCfg = Release|Any CPU
		{F95726A6-8927-46D3-8D01-A33CC9E36D04}.Release|Any CPU.Build.0 = Release|Any CPU
		{B68858CE-C635-44FD-967D-9361D808B899}.Debug|Any CPU.ActiveCfg = Debug|Any CPU
		{B68858CE-C635-44FD-967D-9361D808B899}.Debug|Any CPU.Build.0 = Debug|Any CPU
		{B68858CE-C635-44FD-967D-9361D808B899}.Release|Any CPU.ActiveCfg = Release|Any CPU
		{B68858CE-C635-44FD-967D-9361D808B899}.Release|Any CPU.Build.0 = Release|Any CPU
		{B1ACDE4A-D619-45C5-B8F7-72A759A590FC}.Debug|Any CPU.ActiveCfg = Debug|Any CPU
		{B1ACDE4A-D619-45C5-B8F7-72A759A590FC}.Debug|Any CPU.Build.0 = Debug|Any CPU
		{B1ACDE4A-D619-45C5-B8F7-72A759A590FC}.Release|Any CPU.ActiveCfg = Release|Any CPU
		{B1ACDE4A-D619-45C5-B8F7-72A759A590FC}.Release|Any CPU.Build.0 = Release|Any CPU
		{141B4968-2986-4952-A138-1181215DCD79}.Debug|Any CPU.ActiveCfg = Debug|Any CPU
		{141B4968-2986-4952-A138-1181215DCD79}.Debug|Any CPU.Build.0 = Debug|Any CPU
		{141B4968-2986-4952-A138-1181215DCD79}.Release|Any CPU.ActiveCfg = Release|Any CPU
		{141B4968-2986-4952-A138-1181215DCD79}.Release|Any CPU.Build.0 = Release|Any CPU
	EndGlobalSection
	GlobalSection(SolutionProperties) = preSolution
		HideSolutionNode = FALSE
	EndGlobalSection
	GlobalSection(ExtensibilityGlobals) = postSolution
		SolutionGuid = {4DCB2683-63F8-48BE-B6FC-A13D4F5D9EEE}
	EndGlobalSection
EndGlobal
